
Microsoft Visual Studio Solution File, Format Version 12.00
# Visual Studio Version 17
VisualStudioVersion = 17.9.34728.123
MinimumVisualStudioVersion = 10.0.40219.1
Project("{2150E333-8FDC-42A3-9474-1A3956D46DE8}") = "1 - API", "1 - API", "{CA949CC4-8E67-4264-BC9B-0C73A6380489}"
EndProject
Project("{2150E333-8FDC-42A3-9474-1A3956D46DE8}") = "2 - Application", "2 - Application", "{39F5644A-CC5A-4E98-942E-3B593D8221EB}"
EndProject
Project("{2150E333-8FDC-42A3-9474-1A3956D46DE8}") = "3 - Domain", "3 - Domain", "{A1B2AA1E-1632-4B3A-88A3-F7BC7915B2DE}"
EndProject
Project("{2150E333-8FDC-42A3-9474-1A3956D46DE8}") = "4 - Infra", "4 - Infra", "{8FED32D7-0512-4DCA-93D8-126531BF9CEF}"
EndProject
Project("{2150E333-8FDC-42A3-9474-1A3956D46DE8}") = "4.1 - Data", "4.1 - Data", "{D968C757-CDEE-4884-AFAA-2C6A860A910D}"
EndProject
Project("{9A19103F-16F7-4668-BE54-9A1E7A4F7556}") = "ProcessingContact.Application", "FIAP.6NETT-GRUPO31.Application\ProcessingContact.Application.csproj", "{A68361ED-18B7-4EFC-9CEE-CC1FD2B2DB33}"
EndProject
Project("{9A19103F-16F7-4668-BE54-9A1E7A4F7556}") = "ProcessingContact.Domain", "FIAP.6NETT-GRUPO31.Domain\ProcessingContact.Domain.csproj", "{3BBD30A4-9E8B-4C05-8864-B0AB2C461B11}"
EndProject
Project("{9A19103F-16F7-4668-BE54-9A1E7A4F7556}") = "ProcessingContact.Infra.Data", "FIAP.6NETT-GRUPO31.Infra.Data\ProcessingContact.Infra.Data.csproj", "{B961BD29-AFC0-4922-8B84-EECDA9EC61D8}"
EndProject
Project("{9A19103F-16F7-4668-BE54-9A1E7A4F7556}") = "ProcessingContact.API", "FIAP.6NETT-GRUPO31.Service\ProcessingContact.API.csproj", "{70F40652-95BD-485D-B20D-6F37C5564FB4}"
EndProject
Project("{9A19103F-16F7-4668-BE54-9A1E7A4F7556}") = "ProcessingContact.Domain.Tests", "FIAP.6NETT-GRUPO31.Domain.Tests\ProcessingContact.Domain.Tests.csproj", "{D1D5003D-7043-4D15-BF9A-A2E04E622997}"
EndProject
Project("{9A19103F-16F7-4668-BE54-9A1E7A4F7556}") = "ProcessingContact.Tests", "FIAP.6NETT-GRUPO31.Service.Tests\ProcessingContact.Tests.csproj", "{095CB4C2-0772-46E1-84E3-CCE452D6D301}"
EndProject
Project("{9A19103F-16F7-4668-BE54-9A1E7A4F7556}") = "ProcessingContact.Infra.Data.Tests", "FIAP.6NETT-GRUPO31.Infra.Data.Tests\ProcessingContact.Infra.Data.Tests.csproj", "{E75A238E-7E04-4AFB-AD64-B0A2F9EA1569}"
EndProject
Project("{9A19103F-16F7-4668-BE54-9A1E7A4F7556}") = "ProcessingContact.Application.Tests", "FIAP.6NETT-GRUPO31.Application.Tests\ProcessingContact.Application.Tests.csproj", "{BD6F90F6-51E2-4BBD-913D-DCB61E72140C}"
EndProject
Project("{E53339B2-1760-4266-BCC7-CA923CBCF16C}") = "docker-compose", "docker-compose.dcproj", "{1035FEA7-FAC1-4D12-8F8F-82318D064FED}"
EndProject
Project("{2150E333-8FDC-42A3-9474-1A3956D46DE8}") = "5 - Tests", "5 - Tests", "{3E3754B2-DCFE-4A9C-8BE0-AB55AB77B40C}"
EndProject
Project("{9A19103F-16F7-4668-BE54-9A1E7A4F7556}") = "ProcessingContact.Tests", "FIAP.6NETT-GRUPO31.Tests\ProcessingContact.Tests.csproj", "{79ED41E5-8685-410A-8C73-1003941A66A7}"
EndProject
Project("{2150E333-8FDC-42A3-9474-1A3956D46DE8}") = "Services", "Services", "{E41D3A8D-CA37-4539-BC97-EA74ABF150F9}"
EndProject
Project("{2150E333-8FDC-42A3-9474-1A3956D46DE8}") = "ProcessingContact", "ProcessingContact", "{9E550529-7179-4C35-86B7-8B0BCA4E763C}"
EndProject
Project("{2150E333-8FDC-42A3-9474-1A3956D46DE8}") = "AddContact", "AddContact", "{969A4F4F-68DE-4EF7-A679-54CEE54CF3A2}"
EndProject
Project("{2150E333-8FDC-42A3-9474-1A3956D46DE8}") = "UpdateContact", "UpdateContact", "{AC6B0CBC-DD79-4531-A4B9-CEC3A9EEAAF7}"
EndProject
Project("{2150E333-8FDC-42A3-9474-1A3956D46DE8}") = "DeleteContact", "DeleteContact", "{B1F91FF4-12C1-4F92-95E8-519C8FF092D1}"
EndProject
Project("{2150E333-8FDC-42A3-9474-1A3956D46DE8}") = "BuildingBlocks", "BuildingBlocks", "{910C32DD-8E4B-4142-A87E-AACFA1ADB21D}"
EndProject
Project("{2150E333-8FDC-42A3-9474-1A3956D46DE8}") = "GetContact", "GetContact", "{47D22E91-97F0-4720-94E0-E71A2A5DC913}"
EndProject
Project("{9A19103F-16F7-4668-BE54-9A1E7A4F7556}") = "AddContact.API", "AddContact.API\AddContact.API.csproj", "{7560E7DF-8CA1-4EA1-9903-C673DE6F08FE}"
EndProject
Project("{9A19103F-16F7-4668-BE54-9A1E7A4F7556}") = "DeleteContact.API", "DeleteContact.API\DeleteContact.API.csproj", "{037FF112-298B-4702-A456-F991E247BF38}"
EndProject
Project("{9A19103F-16F7-4668-BE54-9A1E7A4F7556}") = "UpdateContact.API", "UpdateContact.API\UpdateContact.API.csproj", "{47EC2ED9-AA59-4265-9409-6F437E59DADC}"
EndProject
Project("{9A19103F-16F7-4668-BE54-9A1E7A4F7556}") = "GetContact.FNC", "GetContact.FNC\GetContact.FNC.csproj", "{D7C7AAF8-DF09-44F0-AA44-C3AC6A0EA008}"
EndProject
Project("{FAE04EC0-301F-11D3-BF4B-00C04F79EFBC}") = "AddContact.Application", "AddContact.Application\AddContact.Application.csproj", "{F707BEF1-2DA1-4910-89E5-D7A1B82DCDDE}"
EndProject
Project("{FAE04EC0-301F-11D3-BF4B-00C04F79EFBC}") = "DeleteContact.Application", "DeleteContact.Application\DeleteContact.Application.csproj", "{A7A95F34-421D-47C6-AA85-E66B2BECC2EA}"
EndProject
Project("{FAE04EC0-301F-11D3-BF4B-00C04F79EFBC}") = "UpdateContact.Application", "UpdateContact.Application\UpdateContact.Application.csproj", "{E008C1DD-B07C-4822-9E5F-9278FB29E0DD}"
EndProject
Project("{FAE04EC0-301F-11D3-BF4B-00C04F79EFBC}") = "Contact.Core", "Contact.Core\Contact.Core.csproj", "{723F69BC-D26D-401D-95D7-433E9D52F7F0}"
EndProject
Project("{2150E333-8FDC-42A3-9474-1A3956D46DE8}") = "1 - API", "1 - API", "{02EA681E-C7D8-13C7-8484-4AC65E1B71E8}"
EndProject
Project("{2150E333-8FDC-42A3-9474-1A3956D46DE8}") = "1 - API", "1 - API", "{DBA5C5B8-9FF5-41D6-99FF-EB6E573FB08E}"
EndProject
Project("{2150E333-8FDC-42A3-9474-1A3956D46DE8}") = "1 - API", "1 - API", "{8804F7BC-6302-4AFF-9E2F-7471821B5FB9}"
EndProject
Project("{2150E333-8FDC-42A3-9474-1A3956D46DE8}") = "2 - Application", "2 - Application", "{328554DD-D59D-4DC9-ADC8-874CE5B32B17}"
EndProject
Project("{2150E333-8FDC-42A3-9474-1A3956D46DE8}") = "2 - Application", "2 - Application", "{91F27A07-D8BC-45C3-9852-FC82C10B8180}"
EndProject
Project("{2150E333-8FDC-42A3-9474-1A3956D46DE8}") = "2 - Application", "2 - Application", "{79DFD7F1-059A-44DD-9681-E600CFBC8C03}"
EndProject
Project("{FAE04EC0-301F-11D3-BF4B-00C04F79EFBC}") = "Contact.WebApi.Core", "Contact.WebApi.Core1\Contact.WebApi.Core.csproj", "{D351F09C-3AC6-419C-BC3E-7628391AF21A}"
EndProject
Project("{2150E333-8FDC-42A3-9474-1A3956D46DE8}") = "1 - Function", "1 - Function", "{D53860B5-E6DF-4086-8F47-125C0FA0058E}"
EndProject
Project("{2150E333-8FDC-42A3-9474-1A3956D46DE8}") = "2 - Aplication", "2 - Aplication", "{76293380-805A-4BB7-B334-4D56AC7D9E9F}"
EndProject
Project("{2150E333-8FDC-42A3-9474-1A3956D46DE8}") = "3 - Domain", "3 - Domain", "{86498F82-ACEA-4958-93D6-91059C144D85}"
EndProject
Project("{2150E333-8FDC-42A3-9474-1A3956D46DE8}") = "4 - Infra", "4 - Infra", "{BD03B952-BCF2-4C99-B667-FEAC4FBB1CAC}"
EndProject
Project("{2150E333-8FDC-42A3-9474-1A3956D46DE8}") = "4.1 - Data", "4.1 - Data", "{D5B9C9DD-D370-441D-B66F-207BB4149233}"
EndProject
Project("{FAE04EC0-301F-11D3-BF4B-00C04F79EFBC}") = "GetContact.Application", "GetContact.Application\GetContact.Application.csproj", "{61B3B3ED-D553-46DB-9771-F9B3D211C359}"
EndProject
Project("{FAE04EC0-301F-11D3-BF4B-00C04F79EFBC}") = "GetContact.Domain", "GetContact.Domain\GetContact.Domain.csproj", "{9EA3EA15-7654-4C05-BB7F-045433606759}"
EndProject
Project("{FAE04EC0-301F-11D3-BF4B-00C04F79EFBC}") = "GetContact.Data", "..\GetContact.Data\GetContact.Data.csproj", "{9F9F8BFA-3829-4775-8FA3-AC0E1462A008}"
EndProject
Project("{FAE04EC0-301F-11D3-BF4B-00C04F79EFBC}") = "AddContact.API.Tests", "AddContact.API.Tests\AddContact.API.Tests.csproj", "{6FD78E36-77BD-44E1-A4B6-640399C87671}"
EndProject
Project("{FAE04EC0-301F-11D3-BF4B-00C04F79EFBC}") = "AddContact.Application.Tests", "AddContact.Application.Tests\AddContact.Application.Tests.csproj", "{B99EE015-C711-4433-9B71-32BCECBDF199}"
EndProject
Project("{2150E333-8FDC-42A3-9474-1A3956D46DE8}") = "3 - Tests", "3 - Tests", "{BC8E9DD5-DD0D-448B-9B8D-AC76CD3AE022}"
EndProject
Project("{FAE04EC0-301F-11D3-BF4B-00C04F79EFBC}") = "AddContact.Tests", "AddContact.Tests\AddContact.Tests.csproj", "{D3CEFCFB-6D69-40E6-A579-7248CF14167E}"
EndProject
Project("{2150E333-8FDC-42A3-9474-1A3956D46DE8}") = "3.1 - Integrated Test", "3.1 - Integrated Test", "{9FE9D884-7744-436D-803C-E00AB7C3CC98}"
EndProject
Project("{2150E333-8FDC-42A3-9474-1A3956D46DE8}") = "3 - Tests", "3 - Tests", "{11177437-FE3C-42D3-917A-37FC1A933252}"
EndProject
Project("{2150E333-8FDC-42A3-9474-1A3956D46DE8}") = "3.1 - Integrated Test", "3.1 - Integrated Test", "{B55177DE-A8D1-4B9D-9B45-F83060554D17}"
EndProject
Project("{2150E333-8FDC-42A3-9474-1A3956D46DE8}") = "5 - Tests", "5 - Tests", "{772EEDAB-22FD-4D35-9CAB-F20F3E7B233D}"
EndProject
Project("{2150E333-8FDC-42A3-9474-1A3956D46DE8}") = "5.1 - Integrated Test", "5.1 - Integrated Test", "{542011CD-F96C-4362-BDF6-63A7BBDCC6D3}"
EndProject
Project("{2150E333-8FDC-42A3-9474-1A3956D46DE8}") = "3 - Tests", "3 - Tests", "{4AFFD89C-4A16-411A-97D6-340E011DE064}"
EndProject
Project("{2150E333-8FDC-42A3-9474-1A3956D46DE8}") = "3.1 - Integrated Test", "3.1 - Integrated Test", "{76C05EA7-19E6-4578-9922-EE1AB08E9C8C}"
EndProject
Project("{FAE04EC0-301F-11D3-BF4B-00C04F79EFBC}") = "DeleteContact.API.Tests", "DeleteContact.API.Tests\DeleteContact.API.Tests.csproj", "{30CB7EDB-9317-47A7-94EC-487405908F55}"
EndProject
Project("{FAE04EC0-301F-11D3-BF4B-00C04F79EFBC}") = "DeleteContact.Application.Tests", "DeleteContact.Application.Tests\DeleteContact.Application.Tests.csproj", "{4D2D58E6-9C01-46EB-A08E-F89C83B233E5}"
EndProject
Project("{FAE04EC0-301F-11D3-BF4B-00C04F79EFBC}") = "DeleteContact.Tests", "DeleteContact.Tests\DeleteContact.Tests.csproj", "{581FB94F-BF41-43C8-8B71-4C06A9F7E29B}"
EndProject
Project("{FAE04EC0-301F-11D3-BF4B-00C04F79EFBC}") = "UpdateContact.API.Tests", "UpdateContact.API.Tests\UpdateContact.API.Tests.csproj", "{B01C1DF7-A498-48B5-988B-888E831D1740}"
EndProject
Project("{FAE04EC0-301F-11D3-BF4B-00C04F79EFBC}") = "UpdateContact.Application.Tests", "UpdateContact.Application.Tests\UpdateContact.Application.Tests.csproj", "{BA854E1C-13BC-4441-8314-8A85F324EB4D}"
EndProject
Project("{FAE04EC0-301F-11D3-BF4B-00C04F79EFBC}") = "UpdateContact.Tests", "UpdateContact.Tests\UpdateContact.Tests.csproj", "{E38793A3-FEF4-47E4-BFAD-E8C648068609}"
EndProject
Global
	GlobalSection(SolutionConfigurationPlatforms) = preSolution
		Debug|Any CPU = Debug|Any CPU
		Release|Any CPU = Release|Any CPU
	EndGlobalSection
	GlobalSection(ProjectConfigurationPlatforms) = postSolution
		{A68361ED-18B7-4EFC-9CEE-CC1FD2B2DB33}.Debug|Any CPU.ActiveCfg = Debug|Any CPU
		{A68361ED-18B7-4EFC-9CEE-CC1FD2B2DB33}.Debug|Any CPU.Build.0 = Debug|Any CPU
		{A68361ED-18B7-4EFC-9CEE-CC1FD2B2DB33}.Release|Any CPU.ActiveCfg = Release|Any CPU
		{A68361ED-18B7-4EFC-9CEE-CC1FD2B2DB33}.Release|Any CPU.Build.0 = Release|Any CPU
		{3BBD30A4-9E8B-4C05-8864-B0AB2C461B11}.Debug|Any CPU.ActiveCfg = Debug|Any CPU
		{3BBD30A4-9E8B-4C05-8864-B0AB2C461B11}.Debug|Any CPU.Build.0 = Debug|Any CPU
		{3BBD30A4-9E8B-4C05-8864-B0AB2C461B11}.Release|Any CPU.ActiveCfg = Release|Any CPU
		{3BBD30A4-9E8B-4C05-8864-B0AB2C461B11}.Release|Any CPU.Build.0 = Release|Any CPU
		{B961BD29-AFC0-4922-8B84-EECDA9EC61D8}.Debug|Any CPU.ActiveCfg = Debug|Any CPU
		{B961BD29-AFC0-4922-8B84-EECDA9EC61D8}.Debug|Any CPU.Build.0 = Debug|Any CPU
		{B961BD29-AFC0-4922-8B84-EECDA9EC61D8}.Release|Any CPU.ActiveCfg = Release|Any CPU
		{B961BD29-AFC0-4922-8B84-EECDA9EC61D8}.Release|Any CPU.Build.0 = Release|Any CPU
		{70F40652-95BD-485D-B20D-6F37C5564FB4}.Debug|Any CPU.ActiveCfg = Debug|Any CPU
		{70F40652-95BD-485D-B20D-6F37C5564FB4}.Debug|Any CPU.Build.0 = Debug|Any CPU
		{70F40652-95BD-485D-B20D-6F37C5564FB4}.Release|Any CPU.ActiveCfg = Release|Any CPU
		{70F40652-95BD-485D-B20D-6F37C5564FB4}.Release|Any CPU.Build.0 = Release|Any CPU
		{D1D5003D-7043-4D15-BF9A-A2E04E622997}.Debug|Any CPU.ActiveCfg = Debug|Any CPU
		{D1D5003D-7043-4D15-BF9A-A2E04E622997}.Debug|Any CPU.Build.0 = Debug|Any CPU
		{D1D5003D-7043-4D15-BF9A-A2E04E622997}.Release|Any CPU.ActiveCfg = Release|Any CPU
		{D1D5003D-7043-4D15-BF9A-A2E04E622997}.Release|Any CPU.Build.0 = Release|Any CPU
		{095CB4C2-0772-46E1-84E3-CCE452D6D301}.Debug|Any CPU.ActiveCfg = Debug|Any CPU
		{095CB4C2-0772-46E1-84E3-CCE452D6D301}.Debug|Any CPU.Build.0 = Debug|Any CPU
		{095CB4C2-0772-46E1-84E3-CCE452D6D301}.Release|Any CPU.ActiveCfg = Release|Any CPU
		{095CB4C2-0772-46E1-84E3-CCE452D6D301}.Release|Any CPU.Build.0 = Release|Any CPU
		{E75A238E-7E04-4AFB-AD64-B0A2F9EA1569}.Debug|Any CPU.ActiveCfg = Debug|Any CPU
		{E75A238E-7E04-4AFB-AD64-B0A2F9EA1569}.Debug|Any CPU.Build.0 = Debug|Any CPU
		{E75A238E-7E04-4AFB-AD64-B0A2F9EA1569}.Release|Any CPU.ActiveCfg = Release|Any CPU
		{E75A238E-7E04-4AFB-AD64-B0A2F9EA1569}.Release|Any CPU.Build.0 = Release|Any CPU
		{BD6F90F6-51E2-4BBD-913D-DCB61E72140C}.Debug|Any CPU.ActiveCfg = Debug|Any CPU
		{BD6F90F6-51E2-4BBD-913D-DCB61E72140C}.Debug|Any CPU.Build.0 = Debug|Any CPU
		{BD6F90F6-51E2-4BBD-913D-DCB61E72140C}.Release|Any CPU.ActiveCfg = Release|Any CPU
		{BD6F90F6-51E2-4BBD-913D-DCB61E72140C}.Release|Any CPU.Build.0 = Release|Any CPU
		{1035FEA7-FAC1-4D12-8F8F-82318D064FED}.Debug|Any CPU.ActiveCfg = Debug|Any CPU
		{1035FEA7-FAC1-4D12-8F8F-82318D064FED}.Debug|Any CPU.Build.0 = Debug|Any CPU
		{1035FEA7-FAC1-4D12-8F8F-82318D064FED}.Release|Any CPU.ActiveCfg = Release|Any CPU
		{1035FEA7-FAC1-4D12-8F8F-82318D064FED}.Release|Any CPU.Build.0 = Release|Any CPU
		{79ED41E5-8685-410A-8C73-1003941A66A7}.Debug|Any CPU.ActiveCfg = Debug|Any CPU
		{79ED41E5-8685-410A-8C73-1003941A66A7}.Debug|Any CPU.Build.0 = Debug|Any CPU
		{79ED41E5-8685-410A-8C73-1003941A66A7}.Release|Any CPU.ActiveCfg = Release|Any CPU
		{79ED41E5-8685-410A-8C73-1003941A66A7}.Release|Any CPU.Build.0 = Release|Any CPU
		{7560E7DF-8CA1-4EA1-9903-C673DE6F08FE}.Debug|Any CPU.ActiveCfg = Debug|Any CPU
		{7560E7DF-8CA1-4EA1-9903-C673DE6F08FE}.Debug|Any CPU.Build.0 = Debug|Any CPU
		{7560E7DF-8CA1-4EA1-9903-C673DE6F08FE}.Release|Any CPU.ActiveCfg = Release|Any CPU
		{7560E7DF-8CA1-4EA1-9903-C673DE6F08FE}.Release|Any CPU.Build.0 = Release|Any CPU
		{037FF112-298B-4702-A456-F991E247BF38}.Debug|Any CPU.ActiveCfg = Debug|Any CPU
		{037FF112-298B-4702-A456-F991E247BF38}.Debug|Any CPU.Build.0 = Debug|Any CPU
		{037FF112-298B-4702-A456-F991E247BF38}.Release|Any CPU.ActiveCfg = Release|Any CPU
		{037FF112-298B-4702-A456-F991E247BF38}.Release|Any CPU.Build.0 = Release|Any CPU
		{47EC2ED9-AA59-4265-9409-6F437E59DADC}.Debug|Any CPU.ActiveCfg = Debug|Any CPU
		{47EC2ED9-AA59-4265-9409-6F437E59DADC}.Debug|Any CPU.Build.0 = Debug|Any CPU
		{47EC2ED9-AA59-4265-9409-6F437E59DADC}.Release|Any CPU.ActiveCfg = Release|Any CPU
		{47EC2ED9-AA59-4265-9409-6F437E59DADC}.Release|Any CPU.Build.0 = Release|Any CPU
		{D7C7AAF8-DF09-44F0-AA44-C3AC6A0EA008}.Debug|Any CPU.ActiveCfg = Debug|Any CPU
		{D7C7AAF8-DF09-44F0-AA44-C3AC6A0EA008}.Debug|Any CPU.Build.0 = Debug|Any CPU
		{D7C7AAF8-DF09-44F0-AA44-C3AC6A0EA008}.Release|Any CPU.ActiveCfg = Release|Any CPU
		{D7C7AAF8-DF09-44F0-AA44-C3AC6A0EA008}.Release|Any CPU.Build.0 = Release|Any CPU
		{F707BEF1-2DA1-4910-89E5-D7A1B82DCDDE}.Debug|Any CPU.ActiveCfg = Debug|Any CPU
		{F707BEF1-2DA1-4910-89E5-D7A1B82DCDDE}.Debug|Any CPU.Build.0 = Debug|Any CPU
		{F707BEF1-2DA1-4910-89E5-D7A1B82DCDDE}.Release|Any CPU.ActiveCfg = Release|Any CPU
		{F707BEF1-2DA1-4910-89E5-D7A1B82DCDDE}.Release|Any CPU.Build.0 = Release|Any CPU
		{A7A95F34-421D-47C6-AA85-E66B2BECC2EA}.Debug|Any CPU.ActiveCfg = Debug|Any CPU
		{A7A95F34-421D-47C6-AA85-E66B2BECC2EA}.Debug|Any CPU.Build.0 = Debug|Any CPU
		{A7A95F34-421D-47C6-AA85-E66B2BECC2EA}.Release|Any CPU.ActiveCfg = Release|Any CPU
		{A7A95F34-421D-47C6-AA85-E66B2BECC2EA}.Release|Any CPU.Build.0 = Release|Any CPU
		{E008C1DD-B07C-4822-9E5F-9278FB29E0DD}.Debug|Any CPU.ActiveCfg = Debug|Any CPU
		{E008C1DD-B07C-4822-9E5F-9278FB29E0DD}.Debug|Any CPU.Build.0 = Debug|Any CPU
		{E008C1DD-B07C-4822-9E5F-9278FB29E0DD}.Release|Any CPU.ActiveCfg = Release|Any CPU
		{E008C1DD-B07C-4822-9E5F-9278FB29E0DD}.Release|Any CPU.Build.0 = Release|Any CPU
		{723F69BC-D26D-401D-95D7-433E9D52F7F0}.Debug|Any CPU.ActiveCfg = Debug|Any CPU
		{723F69BC-D26D-401D-95D7-433E9D52F7F0}.Debug|Any CPU.Build.0 = Debug|Any CPU
		{723F69BC-D26D-401D-95D7-433E9D52F7F0}.Release|Any CPU.ActiveCfg = Release|Any CPU
		{723F69BC-D26D-401D-95D7-433E9D52F7F0}.Release|Any CPU.Build.0 = Release|Any CPU
		{D351F09C-3AC6-419C-BC3E-7628391AF21A}.Debug|Any CPU.ActiveCfg = Debug|Any CPU
		{D351F09C-3AC6-419C-BC3E-7628391AF21A}.Debug|Any CPU.Build.0 = Debug|Any CPU
		{D351F09C-3AC6-419C-BC3E-7628391AF21A}.Release|Any CPU.ActiveCfg = Release|Any CPU
		{D351F09C-3AC6-419C-BC3E-7628391AF21A}.Release|Any CPU.Build.0 = Release|Any CPU
		{61B3B3ED-D553-46DB-9771-F9B3D211C359}.Debug|Any CPU.ActiveCfg = Debug|Any CPU
		{61B3B3ED-D553-46DB-9771-F9B3D211C359}.Debug|Any CPU.Build.0 = Debug|Any CPU
		{61B3B3ED-D553-46DB-9771-F9B3D211C359}.Release|Any CPU.ActiveCfg = Release|Any CPU
		{61B3B3ED-D553-46DB-9771-F9B3D211C359}.Release|Any CPU.Build.0 = Release|Any CPU
		{9EA3EA15-7654-4C05-BB7F-045433606759}.Debug|Any CPU.ActiveCfg = Debug|Any CPU
		{9EA3EA15-7654-4C05-BB7F-045433606759}.Debug|Any CPU.Build.0 = Debug|Any CPU
		{9EA3EA15-7654-4C05-BB7F-045433606759}.Release|Any CPU.ActiveCfg = Release|Any CPU
		{9EA3EA15-7654-4C05-BB7F-045433606759}.Release|Any CPU.Build.0 = Release|Any CPU
		{9F9F8BFA-3829-4775-8FA3-AC0E1462A008}.Debug|Any CPU.ActiveCfg = Debug|Any CPU
		{9F9F8BFA-3829-4775-8FA3-AC0E1462A008}.Debug|Any CPU.Build.0 = Debug|Any CPU
		{9F9F8BFA-3829-4775-8FA3-AC0E1462A008}.Release|Any CPU.ActiveCfg = Release|Any CPU
		{9F9F8BFA-3829-4775-8FA3-AC0E1462A008}.Release|Any CPU.Build.0 = Release|Any CPU
		{6FD78E36-77BD-44E1-A4B6-640399C87671}.Debug|Any CPU.ActiveCfg = Debug|Any CPU
		{6FD78E36-77BD-44E1-A4B6-640399C87671}.Debug|Any CPU.Build.0 = Debug|Any CPU
		{6FD78E36-77BD-44E1-A4B6-640399C87671}.Release|Any CPU.ActiveCfg = Release|Any CPU
		{6FD78E36-77BD-44E1-A4B6-640399C87671}.Release|Any CPU.Build.0 = Release|Any CPU
		{B99EE015-C711-4433-9B71-32BCECBDF199}.Debug|Any CPU.ActiveCfg = Debug|Any CPU
		{B99EE015-C711-4433-9B71-32BCECBDF199}.Debug|Any CPU.Build.0 = Debug|Any CPU
		{B99EE015-C711-4433-9B71-32BCECBDF199}.Release|Any CPU.ActiveCfg = Release|Any CPU
		{B99EE015-C711-4433-9B71-32BCECBDF199}.Release|Any CPU.Build.0 = Release|Any CPU
		{D3CEFCFB-6D69-40E6-A579-7248CF14167E}.Debug|Any CPU.ActiveCfg = Debug|Any CPU
		{D3CEFCFB-6D69-40E6-A579-7248CF14167E}.Debug|Any CPU.Build.0 = Debug|Any CPU
		{D3CEFCFB-6D69-40E6-A579-7248CF14167E}.Release|Any CPU.ActiveCfg = Release|Any CPU
		{D3CEFCFB-6D69-40E6-A579-7248CF14167E}.Release|Any CPU.Build.0 = Release|Any CPU
		{30CB7EDB-9317-47A7-94EC-487405908F55}.Debug|Any CPU.ActiveCfg = Debug|Any CPU
		{30CB7EDB-9317-47A7-94EC-487405908F55}.Debug|Any CPU.Build.0 = Debug|Any CPU
		{30CB7EDB-9317-47A7-94EC-487405908F55}.Release|Any CPU.ActiveCfg = Release|Any CPU
		{30CB7EDB-9317-47A7-94EC-487405908F55}.Release|Any CPU.Build.0 = Release|Any CPU
		{4D2D58E6-9C01-46EB-A08E-F89C83B233E5}.Debug|Any CPU.ActiveCfg = Debug|Any CPU
		{4D2D58E6-9C01-46EB-A08E-F89C83B233E5}.Debug|Any CPU.Build.0 = Debug|Any CPU
		{4D2D58E6-9C01-46EB-A08E-F89C83B233E5}.Release|Any CPU.ActiveCfg = Release|Any CPU
		{4D2D58E6-9C01-46EB-A08E-F89C83B233E5}.Release|Any CPU.Build.0 = Release|Any CPU
		{581FB94F-BF41-43C8-8B71-4C06A9F7E29B}.Debug|Any CPU.ActiveCfg = Debug|Any CPU
		{581FB94F-BF41-43C8-8B71-4C06A9F7E29B}.Debug|Any CPU.Build.0 = Debug|Any CPU
		{581FB94F-BF41-43C8-8B71-4C06A9F7E29B}.Release|Any CPU.ActiveCfg = Release|Any CPU
		{581FB94F-BF41-43C8-8B71-4C06A9F7E29B}.Release|Any CPU.Build.0 = Release|Any CPU
		{B01C1DF7-A498-48B5-988B-888E831D1740}.Debug|Any CPU.ActiveCfg = Debug|Any CPU
		{B01C1DF7-A498-48B5-988B-888E831D1740}.Debug|Any CPU.Build.0 = Debug|Any CPU
		{B01C1DF7-A498-48B5-988B-888E831D1740}.Release|Any CPU.ActiveCfg = Release|Any CPU
		{B01C1DF7-A498-48B5-988B-888E831D1740}.Release|Any CPU.Build.0 = Release|Any CPU
		{BA854E1C-13BC-4441-8314-8A85F324EB4D}.Debug|Any CPU.ActiveCfg = Debug|Any CPU
		{BA854E1C-13BC-4441-8314-8A85F324EB4D}.Debug|Any CPU.Build.0 = Debug|Any CPU
		{BA854E1C-13BC-4441-8314-8A85F324EB4D}.Release|Any CPU.ActiveCfg = Release|Any CPU
		{BA854E1C-13BC-4441-8314-8A85F324EB4D}.Release|Any CPU.Build.0 = Release|Any CPU
		{E38793A3-FEF4-47E4-BFAD-E8C648068609}.Debug|Any CPU.ActiveCfg = Debug|Any CPU
		{E38793A3-FEF4-47E4-BFAD-E8C648068609}.Debug|Any CPU.Build.0 = Debug|Any CPU
		{E38793A3-FEF4-47E4-BFAD-E8C648068609}.Release|Any CPU.ActiveCfg = Release|Any CPU
		{E38793A3-FEF4-47E4-BFAD-E8C648068609}.Release|Any CPU.Build.0 = Release|Any CPU
	EndGlobalSection
	GlobalSection(SolutionProperties) = preSolution
		HideSolutionNode = FALSE
	EndGlobalSection
	GlobalSection(NestedProjects) = preSolution
		{CA949CC4-8E67-4264-BC9B-0C73A6380489} = {9E550529-7179-4C35-86B7-8B0BCA4E763C}
		{39F5644A-CC5A-4E98-942E-3B593D8221EB} = {9E550529-7179-4C35-86B7-8B0BCA4E763C}
		{A1B2AA1E-1632-4B3A-88A3-F7BC7915B2DE} = {9E550529-7179-4C35-86B7-8B0BCA4E763C}
		{8FED32D7-0512-4DCA-93D8-126531BF9CEF} = {9E550529-7179-4C35-86B7-8B0BCA4E763C}
		{D968C757-CDEE-4884-AFAA-2C6A860A910D} = {8FED32D7-0512-4DCA-93D8-126531BF9CEF}
		{A68361ED-18B7-4EFC-9CEE-CC1FD2B2DB33} = {39F5644A-CC5A-4E98-942E-3B593D8221EB}
		{3BBD30A4-9E8B-4C05-8864-B0AB2C461B11} = {A1B2AA1E-1632-4B3A-88A3-F7BC7915B2DE}
		{B961BD29-AFC0-4922-8B84-EECDA9EC61D8} = {D968C757-CDEE-4884-AFAA-2C6A860A910D}
		{70F40652-95BD-485D-B20D-6F37C5564FB4} = {CA949CC4-8E67-4264-BC9B-0C73A6380489}
		{D1D5003D-7043-4D15-BF9A-A2E04E622997} = {A1B2AA1E-1632-4B3A-88A3-F7BC7915B2DE}
		{095CB4C2-0772-46E1-84E3-CCE452D6D301} = {CA949CC4-8E67-4264-BC9B-0C73A6380489}
		{E75A238E-7E04-4AFB-AD64-B0A2F9EA1569} = {D968C757-CDEE-4884-AFAA-2C6A860A910D}
		{BD6F90F6-51E2-4BBD-913D-DCB61E72140C} = {39F5644A-CC5A-4E98-942E-3B593D8221EB}
		{3E3754B2-DCFE-4A9C-8BE0-AB55AB77B40C} = {9E550529-7179-4C35-86B7-8B0BCA4E763C}
		{79ED41E5-8685-410A-8C73-1003941A66A7} = {3E3754B2-DCFE-4A9C-8BE0-AB55AB77B40C}
		{9E550529-7179-4C35-86B7-8B0BCA4E763C} = {E41D3A8D-CA37-4539-BC97-EA74ABF150F9}
		{969A4F4F-68DE-4EF7-A679-54CEE54CF3A2} = {E41D3A8D-CA37-4539-BC97-EA74ABF150F9}
		{AC6B0CBC-DD79-4531-A4B9-CEC3A9EEAAF7} = {E41D3A8D-CA37-4539-BC97-EA74ABF150F9}
		{B1F91FF4-12C1-4F92-95E8-519C8FF092D1} = {E41D3A8D-CA37-4539-BC97-EA74ABF150F9}
		{47D22E91-97F0-4720-94E0-E71A2A5DC913} = {E41D3A8D-CA37-4539-BC97-EA74ABF150F9}
		{7560E7DF-8CA1-4EA1-9903-C673DE6F08FE} = {02EA681E-C7D8-13C7-8484-4AC65E1B71E8}
		{037FF112-298B-4702-A456-F991E247BF38} = {DBA5C5B8-9FF5-41D6-99FF-EB6E573FB08E}
		{47EC2ED9-AA59-4265-9409-6F437E59DADC} = {8804F7BC-6302-4AFF-9E2F-7471821B5FB9}
		{D7C7AAF8-DF09-44F0-AA44-C3AC6A0EA008} = {D53860B5-E6DF-4086-8F47-125C0FA0058E}
		{F707BEF1-2DA1-4910-89E5-D7A1B82DCDDE} = {328554DD-D59D-4DC9-ADC8-874CE5B32B17}
		{A7A95F34-421D-47C6-AA85-E66B2BECC2EA} = {91F27A07-D8BC-45C3-9852-FC82C10B8180}
		{E008C1DD-B07C-4822-9E5F-9278FB29E0DD} = {79DFD7F1-059A-44DD-9681-E600CFBC8C03}
		{723F69BC-D26D-401D-95D7-433E9D52F7F0} = {910C32DD-8E4B-4142-A87E-AACFA1ADB21D}
		{02EA681E-C7D8-13C7-8484-4AC65E1B71E8} = {969A4F4F-68DE-4EF7-A679-54CEE54CF3A2}
		{DBA5C5B8-9FF5-41D6-99FF-EB6E573FB08E} = {B1F91FF4-12C1-4F92-95E8-519C8FF092D1}
		{8804F7BC-6302-4AFF-9E2F-7471821B5FB9} = {AC6B0CBC-DD79-4531-A4B9-CEC3A9EEAAF7}
		{328554DD-D59D-4DC9-ADC8-874CE5B32B17} = {969A4F4F-68DE-4EF7-A679-54CEE54CF3A2}
		{91F27A07-D8BC-45C3-9852-FC82C10B8180} = {B1F91FF4-12C1-4F92-95E8-519C8FF092D1}
		{79DFD7F1-059A-44DD-9681-E600CFBC8C03} = {AC6B0CBC-DD79-4531-A4B9-CEC3A9EEAAF7}
		{D351F09C-3AC6-419C-BC3E-7628391AF21A} = {910C32DD-8E4B-4142-A87E-AACFA1ADB21D}
		{D53860B5-E6DF-4086-8F47-125C0FA0058E} = {47D22E91-97F0-4720-94E0-E71A2A5DC913}
		{76293380-805A-4BB7-B334-4D56AC7D9E9F} = {47D22E91-97F0-4720-94E0-E71A2A5DC913}
		{86498F82-ACEA-4958-93D6-91059C144D85} = {47D22E91-97F0-4720-94E0-E71A2A5DC913}
		{BD03B952-BCF2-4C99-B667-FEAC4FBB1CAC} = {47D22E91-97F0-4720-94E0-E71A2A5DC913}
		{D5B9C9DD-D370-441D-B66F-207BB4149233} = {BD03B952-BCF2-4C99-B667-FEAC4FBB1CAC}
		{61B3B3ED-D553-46DB-9771-F9B3D211C359} = {76293380-805A-4BB7-B334-4D56AC7D9E9F}
		{9EA3EA15-7654-4C05-BB7F-045433606759} = {86498F82-ACEA-4958-93D6-91059C144D85}
		{9F9F8BFA-3829-4775-8FA3-AC0E1462A008} = {D5B9C9DD-D370-441D-B66F-207BB4149233}
		{6FD78E36-77BD-44E1-A4B6-640399C87671} = {02EA681E-C7D8-13C7-8484-4AC65E1B71E8}
		{B99EE015-C711-4433-9B71-32BCECBDF199} = {328554DD-D59D-4DC9-ADC8-874CE5B32B17}
		{BC8E9DD5-DD0D-448B-9B8D-AC76CD3AE022} = {969A4F4F-68DE-4EF7-A679-54CEE54CF3A2}
		{D3CEFCFB-6D69-40E6-A579-7248CF14167E} = {9FE9D884-7744-436D-803C-E00AB7C3CC98}
		{9FE9D884-7744-436D-803C-E00AB7C3CC98} = {BC8E9DD5-DD0D-448B-9B8D-AC76CD3AE022}
		{11177437-FE3C-42D3-917A-37FC1A933252} = {B1F91FF4-12C1-4F92-95E8-519C8FF092D1}
		{B55177DE-A8D1-4B9D-9B45-F83060554D17} = {11177437-FE3C-42D3-917A-37FC1A933252}
		{772EEDAB-22FD-4D35-9CAB-F20F3E7B233D} = {47D22E91-97F0-4720-94E0-E71A2A5DC913}
		{542011CD-F96C-4362-BDF6-63A7BBDCC6D3} = {772EEDAB-22FD-4D35-9CAB-F20F3E7B233D}
		{4AFFD89C-4A16-411A-97D6-340E011DE064} = {AC6B0CBC-DD79-4531-A4B9-CEC3A9EEAAF7}
		{76C05EA7-19E6-4578-9922-EE1AB08E9C8C} = {4AFFD89C-4A16-411A-97D6-340E011DE064}
		{30CB7EDB-9317-47A7-94EC-487405908F55} = {DBA5C5B8-9FF5-41D6-99FF-EB6E573FB08E}
		{4D2D58E6-9C01-46EB-A08E-F89C83B233E5} = {91F27A07-D8BC-45C3-9852-FC82C10B8180}
		{581FB94F-BF41-43C8-8B71-4C06A9F7E29B} = {B55177DE-A8D1-4B9D-9B45-F83060554D17}
		{B01C1DF7-A498-48B5-988B-888E831D1740} = {8804F7BC-6302-4AFF-9E2F-7471821B5FB9}
		{BA854E1C-13BC-4441-8314-8A85F324EB4D} = {79DFD7F1-059A-44DD-9681-E600CFBC8C03}
		{E38793A3-FEF4-47E4-BFAD-E8C648068609} = {76C05EA7-19E6-4578-9922-EE1AB08E9C8C}
	EndGlobalSection
	GlobalSection(ExtensibilityGlobals) = postSolution
		SolutionGuid = {B7658D96-41A1-4229-AB57-5DAA0F27E72A}
	EndGlobalSection
EndGlobal
