
Microsoft Visual Studio Solution File, Format Version 12.00
# Visual Studio Version 17
VisualStudioVersion = 17.9.34728.123
MinimumVisualStudioVersion = 10.0.40219.1
Project("{2150E333-8FDC-42A3-9474-1A3956D46DE8}") = "1 - Service", "1 - Service", "{CA949CC4-8E67-4264-BC9B-0C73A6380489}"
EndProject
Project("{2150E333-8FDC-42A3-9474-1A3956D46DE8}") = "2 - Application", "2 - Application", "{39F5644A-CC5A-4E98-942E-3B593D8221EB}"
EndProject
Project("{2150E333-8FDC-42A3-9474-1A3956D46DE8}") = "3 - Domain", "3 - Domain", "{A1B2AA1E-1632-4B3A-88A3-F7BC7915B2DE}"
EndProject
Project("{2150E333-8FDC-42A3-9474-1A3956D46DE8}") = "4 - Infra", "4 - Infra", "{8FED32D7-0512-4DCA-93D8-126531BF9CEF}"
EndProject
Project("{2150E333-8FDC-42A3-9474-1A3956D46DE8}") = "4.1 - Data", "4.1 - Data", "{D968C757-CDEE-4884-AFAA-2C6A860A910D}"
EndProject
Project("{9A19103F-16F7-4668-BE54-9A1E7A4F7556}") = "FIAP.6NETT-GRUPO31.Application", "FIAP.6NETT-GRUPO31.Application\FIAP.6NETT-GRUPO31.Application.csproj", "{A68361ED-18B7-4EFC-9CEE-CC1FD2B2DB33}"
EndProject
Project("{9A19103F-16F7-4668-BE54-9A1E7A4F7556}") = "FIAP.6NETT-GRUPO31.Domain", "FIAP.6NETT-GRUPO31.Domain\FIAP.6NETT-GRUPO31.Domain.csproj", "{3BBD30A4-9E8B-4C05-8864-B0AB2C461B11}"
EndProject
Project("{9A19103F-16F7-4668-BE54-9A1E7A4F7556}") = "FIAP.6NETT-GRUPO31.Infra.Data", "FIAP.6NETT-GRUPO31.Infra.Data\FIAP.6NETT-GRUPO31.Infra.Data.csproj", "{B961BD29-AFC0-4922-8B84-EECDA9EC61D8}"
EndProject
Project("{9A19103F-16F7-4668-BE54-9A1E7A4F7556}") = "FIAP.6NETT-GRUPO31.Service", "FIAP.6NETT-GRUPO31.Service\FIAP.6NETT-GRUPO31.Service.csproj", "{70F40652-95BD-485D-B20D-6F37C5564FB4}"
EndProject
Project("{9A19103F-16F7-4668-BE54-9A1E7A4F7556}") = "FIAP.6NETT-GRUPO31.Domain.Tests", "FIAP.6NETT-GRUPO31.Domain.Tests\FIAP.6NETT-GRUPO31.Domain.Tests.csproj", "{D1D5003D-7043-4D15-BF9A-A2E04E622997}"
EndProject
Project("{9A19103F-16F7-4668-BE54-9A1E7A4F7556}") = "FIAP.6NETT-GRUPO31.Service.Tests", "FIAP.6NETT-GRUPO31.Service.Tests\FIAP.6NETT-GRUPO31.Service.Tests.csproj", "{095CB4C2-0772-46E1-84E3-CCE452D6D301}"
EndProject
Project("{9A19103F-16F7-4668-BE54-9A1E7A4F7556}") = "FIAP.6NETT-GRUPO31.Infra.Data.Tests", "FIAP.6NETT-GRUPO31.Infra.Data.Tests\FIAP.6NETT-GRUPO31.Infra.Data.Tests.csproj", "{E75A238E-7E04-4AFB-AD64-B0A2F9EA1569}"
EndProject
Project("{9A19103F-16F7-4668-BE54-9A1E7A4F7556}") = "FIAP.6NETT-GRUPO31.Application.Tests", "FIAP.6NETT-GRUPO31.Application.Tests\FIAP.6NETT-GRUPO31.Application.Tests.csproj", "{BD6F90F6-51E2-4BBD-913D-DCB61E72140C}"
EndProject
Project("{E53339B2-1760-4266-BCC7-CA923CBCF16C}") = "docker-compose", "docker-compose.dcproj", "{1035FEA7-FAC1-4D12-8F8F-82318D064FED}"
EndProject
Project("{2150E333-8FDC-42A3-9474-1A3956D46DE8}") = "5 - Tests", "5 - Tests", "{3E3754B2-DCFE-4A9C-8BE0-AB55AB77B40C}"
EndProject
Project("{9A19103F-16F7-4668-BE54-9A1E7A4F7556}") = "FIAP.6NETT-GRUPO31.Tests", "FIAP.6NETT-GRUPO31.Tests\FIAP.6NETT-GRUPO31.Tests.csproj", "{79ED41E5-8685-410A-8C73-1003941A66A7}"
EndProject
Global
	GlobalSection(SolutionConfigurationPlatforms) = preSolution
		Debug|Any CPU = Debug|Any CPU
		Release|Any CPU = Release|Any CPU
	EndGlobalSection
	GlobalSection(ProjectConfigurationPlatforms) = postSolution
		{A68361ED-18B7-4EFC-9CEE-CC1FD2B2DB33}.Debug|Any CPU.ActiveCfg = Debug|Any CPU
		{A68361ED-18B7-4EFC-9CEE-CC1FD2B2DB33}.Debug|Any CPU.Build.0 = Debug|Any CPU
		{A68361ED-18B7-4EFC-9CEE-CC1FD2B2DB33}.Release|Any CPU.ActiveCfg = Release|Any CPU
		{A68361ED-18B7-4EFC-9CEE-CC1FD2B2DB33}.Release|Any CPU.Build.0 = Release|Any CPU
		{3BBD30A4-9E8B-4C05-8864-B0AB2C461B11}.Debug|Any CPU.ActiveCfg = Debug|Any CPU
		{3BBD30A4-9E8B-4C05-8864-B0AB2C461B11}.Debug|Any CPU.Build.0 = Debug|Any CPU
		{3BBD30A4-9E8B-4C05-8864-B0AB2C461B11}.Release|Any CPU.ActiveCfg = Release|Any CPU
		{3BBD30A4-9E8B-4C05-8864-B0AB2C461B11}.Release|Any CPU.Build.0 = Release|Any CPU
		{B961BD29-AFC0-4922-8B84-EECDA9EC61D8}.Debug|Any CPU.ActiveCfg = Debug|Any CPU
		{B961BD29-AFC0-4922-8B84-EECDA9EC61D8}.Debug|Any CPU.Build.0 = Debug|Any CPU
		{B961BD29-AFC0-4922-8B84-EECDA9EC61D8}.Release|Any CPU.ActiveCfg = Release|Any CPU
		{B961BD29-AFC0-4922-8B84-EECDA9EC61D8}.Release|Any CPU.Build.0 = Release|Any CPU
		{70F40652-95BD-485D-B20D-6F37C5564FB4}.Debug|Any CPU.ActiveCfg = Debug|Any CPU
		{70F40652-95BD-485D-B20D-6F37C5564FB4}.Debug|Any CPU.Build.0 = Debug|Any CPU
		{70F40652-95BD-485D-B20D-6F37C5564FB4}.Release|Any CPU.ActiveCfg = Release|Any CPU
		{70F40652-95BD-485D-B20D-6F37C5564FB4}.Release|Any CPU.Build.0 = Release|Any CPU
		{D1D5003D-7043-4D15-BF9A-A2E04E622997}.Debug|Any CPU.ActiveCfg = Debug|Any CPU
		{D1D5003D-7043-4D15-BF9A-A2E04E622997}.Debug|Any CPU.Build.0 = Debug|Any CPU
		{D1D5003D-7043-4D15-BF9A-A2E04E622997}.Release|Any CPU.ActiveCfg = Release|Any CPU
		{D1D5003D-7043-4D15-BF9A-A2E04E622997}.Release|Any CPU.Build.0 = Release|Any CPU
		{095CB4C2-0772-46E1-84E3-CCE452D6D301}.Debug|Any CPU.ActiveCfg = Debug|Any CPU
		{095CB4C2-0772-46E1-84E3-CCE452D6D301}.Debug|Any CPU.Build.0 = Debug|Any CPU
		{095CB4C2-0772-46E1-84E3-CCE452D6D301}.Release|Any CPU.ActiveCfg = Release|Any CPU
		{095CB4C2-0772-46E1-84E3-CCE452D6D301}.Release|Any CPU.Build.0 = Release|Any CPU
		{E75A238E-7E04-4AFB-AD64-B0A2F9EA1569}.Debug|Any CPU.ActiveCfg = Debug|Any CPU
		{E75A238E-7E04-4AFB-AD64-B0A2F9EA1569}.Debug|Any CPU.Build.0 = Debug|Any CPU
		{E75A238E-7E04-4AFB-AD64-B0A2F9EA1569}.Release|Any CPU.ActiveCfg = Release|Any CPU
		{E75A238E-7E04-4AFB-AD64-B0A2F9EA1569}.Release|Any CPU.Build.0 = Release|Any CPU
		{BD6F90F6-51E2-4BBD-913D-DCB61E72140C}.Debug|Any CPU.ActiveCfg = Debug|Any CPU
		{BD6F90F6-51E2-4BBD-913D-DCB61E72140C}.Debug|Any CPU.Build.0 = Debug|Any CPU
		{BD6F90F6-51E2-4BBD-913D-DCB61E72140C}.Release|Any CPU.ActiveCfg = Release|Any CPU
		{BD6F90F6-51E2-4BBD-913D-DCB61E72140C}.Release|Any CPU.Build.0 = Release|Any CPU
		{1035FEA7-FAC1-4D12-8F8F-82318D064FED}.Debug|Any CPU.ActiveCfg = Debug|Any CPU
		{1035FEA7-FAC1-4D12-8F8F-82318D064FED}.Debug|Any CPU.Build.0 = Debug|Any CPU
		{1035FEA7-FAC1-4D12-8F8F-82318D064FED}.Release|Any CPU.ActiveCfg = Release|Any CPU
		{1035FEA7-FAC1-4D12-8F8F-82318D064FED}.Release|Any CPU.Build.0 = Release|Any CPU
		{79ED41E5-8685-410A-8C73-1003941A66A7}.Debug|Any CPU.ActiveCfg = Debug|Any CPU
		{79ED41E5-8685-410A-8C73-1003941A66A7}.Debug|Any CPU.Build.0 = Debug|Any CPU
		{79ED41E5-8685-410A-8C73-1003941A66A7}.Release|Any CPU.ActiveCfg = Release|Any CPU
		{79ED41E5-8685-410A-8C73-1003941A66A7}.Release|Any CPU.Build.0 = Release|Any CPU
	EndGlobalSection
	GlobalSection(SolutionProperties) = preSolution
		HideSolutionNode = FALSE
	EndGlobalSection
	GlobalSection(NestedProjects) = preSolution
		{D968C757-CDEE-4884-AFAA-2C6A860A910D} = {8FED32D7-0512-4DCA-93D8-126531BF9CEF}
		{A68361ED-18B7-4EFC-9CEE-CC1FD2B2DB33} = {39F5644A-CC5A-4E98-942E-3B593D8221EB}
		{3BBD30A4-9E8B-4C05-8864-B0AB2C461B11} = {A1B2AA1E-1632-4B3A-88A3-F7BC7915B2DE}
		{B961BD29-AFC0-4922-8B84-EECDA9EC61D8} = {D968C757-CDEE-4884-AFAA-2C6A860A910D}
		{70F40652-95BD-485D-B20D-6F37C5564FB4} = {CA949CC4-8E67-4264-BC9B-0C73A6380489}
		{D1D5003D-7043-4D15-BF9A-A2E04E622997} = {A1B2AA1E-1632-4B3A-88A3-F7BC7915B2DE}
		{095CB4C2-0772-46E1-84E3-CCE452D6D301} = {CA949CC4-8E67-4264-BC9B-0C73A6380489}
		{E75A238E-7E04-4AFB-AD64-B0A2F9EA1569} = {D968C757-CDEE-4884-AFAA-2C6A860A910D}
		{BD6F90F6-51E2-4BBD-913D-DCB61E72140C} = {39F5644A-CC5A-4E98-942E-3B593D8221EB}
		{79ED41E5-8685-410A-8C73-1003941A66A7} = {3E3754B2-DCFE-4A9C-8BE0-AB55AB77B40C}
	EndGlobalSection
	GlobalSection(ExtensibilityGlobals) = postSolution
		SolutionGuid = {B7658D96-41A1-4229-AB57-5DAA0F27E72A}
	EndGlobalSection
EndGlobal
